
Microsoft Visual Studio Solution File, Format Version 12.00
# Visual Studio Version 17
VisualStudioVersion = 17.9.34701.34
MinimumVisualStudioVersion = 10.0.40219.1
Project("{FAE04EC0-301F-11D3-BF4B-00C04F79EFBC}") = "DragonCounter", "DragonCounter\DragonCounter.csproj", "{B7EA5DE5-458C-4868-BF5F-DB20E33D8D2B}"
EndProject
Global
	GlobalSection(SolutionConfigurationPlatforms) = preSolution
		Debug|Any CPU = Debug|Any CPU
		Debug|x86 = Debug|x86
		Release|Any CPU = Release|Any CPU
		Release|x86 = Release|x86
	EndGlobalSection
	GlobalSection(ProjectConfigurationPlatforms) = postSolution
		{B7EA5DE5-458C-4868-BF5F-DB20E33D8D2B}.Debug|Any CPU.ActiveCfg = Debug|Any CPU
		{B7EA5DE5-458C-4868-BF5F-DB20E33D8D2B}.Debug|Any CPU.Build.0 = Debug|Any CPU
		{B7EA5DE5-458C-4868-BF5F-DB20E33D8D2B}.Debug|x86.ActiveCfg = Debug|Any CPU
		{B7EA5DE5-458C-4868-BF5F-DB20E33D8D2B}.Debug|x86.Build.0 = Debug|Any CPU
		{B7EA5DE5-458C-4868-BF5F-DB20E33D8D2B}.Release|Any CPU.ActiveCfg = Release|Any CPU
		{B7EA5DE5-458C-4868-BF5F-DB20E33D8D2B}.Release|Any CPU.Build.0 = Release|Any CPU
		{B7EA5DE5-458C-4868-BF5F-DB20E33D8D2B}.Release|x86.ActiveCfg = Release|x86
		{B7EA5DE5-458C-4868-BF5F-DB20E33D8D2B}.Release|x86.Build.0 = Release|x86
	EndGlobalSection
	GlobalSection(SolutionProperties) = preSolution
		HideSolutionNode = FALSE
	EndGlobalSection
	GlobalSection(ExtensibilityGlobals) = postSolution
		SolutionGuid = {0C020670-5F27-45E5-8BA5-1AEF5101F2F5}
	EndGlobalSection
EndGlobal
